
Microsoft Visual Studio Solution File, Format Version 12.00
# Visual Studio Version 16
VisualStudioVersion = 16.0.31402.337
MinimumVisualStudioVersion = 10.0.40219.1
Project("{9A19103F-16F7-4668-BE54-9A1E7A4F7556}") = "FusionReferenceData", "FusionReferenceData\FusionReferenceData.csproj", "{FE47A181-CA24-48CD-BF77-5DCAC073A52F}"
EndProject
Project("{9A19103F-16F7-4668-BE54-9A1E7A4F7556}") = "FusionContract", "FusionContract\FusionContract.csproj", "{9E6C4FD0-DDC7-41C2-88CA-631BE33BE615}"
EndProject
Project("{E53339B2-1760-4266-BCC7-CA923CBCF16C}") = "docker-compose", "docker-compose.dcproj", "{82FD2461-83F4-41D0-AB34-2511B4D7E62B}"
EndProject
Global
	GlobalSection(SolutionConfigurationPlatforms) = preSolution
		Debug|Any CPU = Debug|Any CPU
		Release|Any CPU = Release|Any CPU
	EndGlobalSection
	GlobalSection(ProjectConfigurationPlatforms) = postSolution
		{FE47A181-CA24-48CD-BF77-5DCAC073A52F}.Debug|Any CPU.ActiveCfg = Debug|Any CPU
		{FE47A181-CA24-48CD-BF77-5DCAC073A52F}.Debug|Any CPU.Build.0 = Debug|Any CPU
		{FE47A181-CA24-48CD-BF77-5DCAC073A52F}.Release|Any CPU.ActiveCfg = Release|Any CPU
		{FE47A181-CA24-48CD-BF77-5DCAC073A52F}.Release|Any CPU.Build.0 = Release|Any CPU
		{9E6C4FD0-DDC7-41C2-88CA-631BE33BE615}.Debug|Any CPU.ActiveCfg = Debug|Any CPU
		{9E6C4FD0-DDC7-41C2-88CA-631BE33BE615}.Debug|Any CPU.Build.0 = Debug|Any CPU
		{9E6C4FD0-DDC7-41C2-88CA-631BE33BE615}.Release|Any CPU.ActiveCfg = Release|Any CPU
		{9E6C4FD0-DDC7-41C2-88CA-631BE33BE615}.Release|Any CPU.Build.0 = Release|Any CPU
		{82FD2461-83F4-41D0-AB34-2511B4D7E62B}.Debug|Any CPU.ActiveCfg = Debug|Any CPU
		{82FD2461-83F4-41D0-AB34-2511B4D7E62B}.Debug|Any CPU.Build.0 = Debug|Any CPU
		{82FD2461-83F4-41D0-AB34-2511B4D7E62B}.Release|Any CPU.ActiveCfg = Release|Any CPU
		{82FD2461-83F4-41D0-AB34-2511B4D7E62B}.Release|Any CPU.Build.0 = Release|Any CPU
	EndGlobalSection
	GlobalSection(SolutionProperties) = preSolution
		HideSolutionNode = FALSE
	EndGlobalSection
	GlobalSection(ExtensibilityGlobals) = postSolution
		SolutionGuid = {BE5220CC-94FD-4468-9DC9-B81988D1A543}
	EndGlobalSection
EndGlobal
